
Microsoft Visual Studio Solution File, Format Version 12.00
# Visual Studio Version 17
VisualStudioVersion = 17.4.33103.184
MinimumVisualStudioVersion = 10.0.40219.1
Project("{FAE04EC0-301F-11D3-BF4B-00C04F79EFBC}") = "FluxorExample", "FluxorExample\FluxorExample.csproj", "{ED98F847-9BE0-4946-BB6D-9F1C42F252AB}"
EndProject
Global
	GlobalSection(SolutionConfigurationPlatforms) = preSolution
		Debug|Any CPU = Debug|Any CPU
		Release|Any CPU = Release|Any CPU
	EndGlobalSection
	GlobalSection(ProjectConfigurationPlatforms) = postSolution
		{ED98F847-9BE0-4946-BB6D-9F1C42F252AB}.Debug|Any CPU.ActiveCfg = Debug|Any CPU
		{ED98F847-9BE0-4946-BB6D-9F1C42F252AB}.Debug|Any CPU.Build.0 = Debug|Any CPU
		{ED98F847-9BE0-4946-BB6D-9F1C42F252AB}.Release|Any CPU.ActiveCfg = Release|Any CPU
		{ED98F847-9BE0-4946-BB6D-9F1C42F252AB}.Release|Any CPU.Build.0 = Release|Any CPU
	EndGlobalSection
	GlobalSection(SolutionProperties) = preSolution
		HideSolutionNode = FALSE
	EndGlobalSection
	GlobalSection(ExtensibilityGlobals) = postSolution
		SolutionGuid = {88A11057-444C-48ED-BD5A-758BE3BE8FDA}
	EndGlobalSection
EndGlobal
